// !$*UTF8*$!
{
	archiveVersion = 1;
	classes = {
	};
	objectVersion = 50;
	objects = {

/* Begin PBXBuildFile section */
		E3CE11E5265F8642004E505F /* main.c in Sources */ = {isa = PBXBuildFile; fileRef = E3CE11E4265F8642004E505F /* main.c */; };
		E3CE11F0265F87AF004E505F /* manila.c in Sources */ = {isa = PBXBuildFile; fileRef = E3CE11EF265F87AF004E505F /* manila.c */; };
/* End PBXBuildFile section */

/* Begin PBXCopyFilesBuildPhase section */
		E3CE11DF265F8642004E505F /* CopyFiles */ = {
			isa = PBXCopyFilesBuildPhase;
			buildActionMask = 2147483647;
			dstPath = /usr/share/man/man1/;
			dstSubfolderSpec = 0;
			files = (
			);
			runOnlyForDeploymentPostprocessing = 1;
		};
/* End PBXCopyFilesBuildPhase section */

/* Begin PBXFileReference section */
		E3CE11E1265F8642004E505F /* Xcode_12 */ = {isa = PBXFileReference; explicitFileType = "compiled.mach-o.executable"; includeInIndex = 0; path = Xcode_12; sourceTree = BUILT_PRODUCTS_DIR; };
		E3CE11E4265F8642004E505F /* main.c */ = {isa = PBXFileReference; lastKnownFileType = sourcecode.c.c; path = main.c; sourceTree = "<group>"; wrapsLines = 0; };
		E3CE11EE265F87AF004E505F /* manila.h */ = {isa = PBXFileReference; fileEncoding = 4; lastKnownFileType = sourcecode.c.h; name = manila.h; path = ../../../core/SmartPi/project/game/manila.h; sourceTree = "<group>"; };
		E3CE11EF265F87AF004E505F /* manila.c */ = {isa = PBXFileReference; fileEncoding = 4; lastKnownFileType = sourcecode.c.c; name = manila.c; path = ../../../core/SmartPi/project/game/manila.c; sourceTree = "<group>"; };
		E3CE11F3265F8850004E505F /* RH_common.h */ = {isa = PBXFileReference; fileEncoding = 4; lastKnownFileType = sourcecode.c.h; name = RH_common.h; path = ../../core/RH_common.h; sourceTree = "<group>"; };
		E3CE11F4265F8850004E505F /* RH_color.h */ = {isa = PBXFileReference; fileEncoding = 4; lastKnownFileType = sourcecode.c.h; name = RH_color.h; path = ../../core/RH_color.h; sourceTree = "<group>"; };
		E3CE11F8265F88F8004E505F /* RH_config.h */ = {isa = PBXFileReference; fileEncoding = 4; lastKnownFileType = sourcecode.c.h; name = RH_config.h; path = ../self/RH_config.h; sourceTree = "<group>"; };
/* End PBXFileReference section */

/* Begin PBXFrameworksBuildPhase section */
		E3CE11DE265F8642004E505F /* Frameworks */ = {
			isa = PBXFrameworksBuildPhase;
			buildActionMask = 2147483647;
			files = (
			);
			runOnlyForDeploymentPostprocessing = 0;
		};
/* End PBXFrameworksBuildPhase section */

/* Begin PBXGroup section */
		E3CE11D8265F8642004E505F = {
			isa = PBXGroup;
			children = (
				E3CE11F6265F88E6004E505F /* Self */,
				E3CE11F2265F8840004E505F /* Common */,
				E3CE11ED265F8791004E505F /* Manila */,
				E3CE11E3265F8642004E505F /* Xcode_12 */,
				E3CE11E2265F8642004E505F /* Products */,
			);
			sourceTree = "<group>";
		};
		E3CE11E2265F8642004E505F /* Products */ = {
			isa = PBXGroup;
			children = (
				E3CE11E1265F8642004E505F /* Xcode_12 */,
			);
			name = Products;
			sourceTree = "<group>";
		};
		E3CE11E3265F8642004E505F /* Xcode_12 */ = {
			isa = PBXGroup;
			children = (
				E3CE11E4265F8642004E505F /* main.c */,
			);
			path = Xcode_12;
			sourceTree = "<group>";
		};
		E3CE11ED265F8791004E505F /* Manila */ = {
			isa = PBXGroup;
			children = (
				E3CE11EF265F87AF004E505F /* manila.c */,
				E3CE11EE265F87AF004E505F /* manila.h */,
			);
			path = Manila;
			sourceTree = "<group>";
		};
		E3CE11F2265F8840004E505F /* Common */ = {
			isa = PBXGroup;
			children = (
				E3CE11F4265F8850004E505F /* RH_color.h */,
				E3CE11F3265F8850004E505F /* RH_common.h */,
			);
			name = Common;
			sourceTree = "<group>";
		};
		E3CE11F6265F88E6004E505F /* Self */ = {
			isa = PBXGroup;
			children = (
				E3CE11F8265F88F8004E505F /* RH_config.h */,
			);
			name = Self;
			sourceTree = "<group>";
		};
/* End PBXGroup section */

/* Begin PBXNativeTarget section */
		E3CE11E0265F8642004E505F /* Xcode_12 */ = {
			isa = PBXNativeTarget;
			buildConfigurationList = E3CE11E8265F8642004E505F /* Build configuration list for PBXNativeTarget "Xcode_12" */;
			buildPhases = (
				E3CE11DD265F8642004E505F /* Sources */,
				E3CE11DE265F8642004E505F /* Frameworks */,
				E3CE11DF265F8642004E505F /* CopyFiles */,
			);
			buildRules = (
			);
			dependencies = (
			);
			name = Xcode_12;
			productName = Xcode_12;
			productReference = E3CE11E1265F8642004E505F /* Xcode_12 */;
			productType = "com.apple.product-type.tool";
		};
/* End PBXNativeTarget section */

/* Begin PBXProject section */
		E3CE11D9265F8642004E505F /* Project object */ = {
			isa = PBXProject;
			attributes = {
				LastUpgradeCheck = 1240;
				TargetAttributes = {
					E3CE11E0265F8642004E505F = {
						CreatedOnToolsVersion = 12.4;
					};
				};
			};
			buildConfigurationList = E3CE11DC265F8642004E505F /* Build configuration list for PBXProject "Xcode_12" */;
			compatibilityVersion = "Xcode 9.3";
			developmentRegion = en;
			hasScannedForEncodings = 0;
			knownRegions = (
				en,
				Base,
			);
			mainGroup = E3CE11D8265F8642004E505F;
			productRefGroup = E3CE11E2265F8642004E505F /* Products */;
			projectDirPath = "";
			projectRoot = "";
			targets = (
				E3CE11E0265F8642004E505F /* Xcode_12 */,
			);
		};
/* End PBXProject section */

/* Begin PBXSourcesBuildPhase section */
		E3CE11DD265F8642004E505F /* Sources */ = {
			isa = PBXSourcesBuildPhase;
			buildActionMask = 2147483647;
			files = (
				E3CE11E5265F8642004E505F /* main.c in Sources */,
				E3CE11F0265F87AF004E505F /* manila.c in Sources */,
			);
			runOnlyForDeploymentPostprocessing = 0;
		};
/* End PBXSourcesBuildPhase section */

/* Begin XCBuildConfiguration section */
		E3CE11E6265F8642004E505F /* Debug */ = {
			isa = XCBuildConfiguration;
			buildSettings = {
				ALWAYS_SEARCH_USER_PATHS = NO;
				CLANG_ANALYZER_NONNULL = YES;
				CLANG_ANALYZER_NUMBER_OBJECT_CONVERSION = YES_AGGRESSIVE;
				CLANG_CXX_LANGUAGE_STANDARD = "gnu++14";
				CLANG_CXX_LIBRARY = "libc++";
				CLANG_ENABLE_MODULES = YES;
				CLANG_ENABLE_OBJC_ARC = YES;
				CLANG_ENABLE_OBJC_WEAK = YES;
				CLANG_WARN_BLOCK_CAPTURE_AUTORELEASING = YES;
				CLANG_WARN_BOOL_CONVERSION = YES;
				CLANG_WARN_COMMA = YES;
				CLANG_WARN_CONSTANT_CONVERSION = YES;
				CLANG_WARN_DEPRECATED_OBJC_IMPLEMENTATIONS = YES;
				CLANG_WARN_DIRECT_OBJC_ISA_USAGE = YES_ERROR;
				CLANG_WARN_DOCUMENTATION_COMMENTS = YES;
				CLANG_WARN_EMPTY_BODY = YES;
				CLANG_WARN_ENUM_CONVERSION = YES;
				CLANG_WARN_INFINITE_RECURSION = YES;
				CLANG_WARN_INT_CONVERSION = YES;
				CLANG_WARN_NON_LITERAL_NULL_CONVERSION = YES;
				CLANG_WARN_OBJC_IMPLICIT_RETAIN_SELF = YES;
				CLANG_WARN_OBJC_LITERAL_CONVERSION = YES;
				CLANG_WARN_OBJC_ROOT_CLASS = YES_ERROR;
				CLANG_WARN_QUOTED_INCLUDE_IN_FRAMEWORK_HEADER = YES;
				CLANG_WARN_RANGE_LOOP_ANALYSIS = YES;
				CLANG_WARN_STRICT_PROTOTYPES = YES;
				CLANG_WARN_SUSPICIOUS_MOVE = YES;
				CLANG_WARN_UNGUARDED_AVAILABILITY = YES_AGGRESSIVE;
				CLANG_WARN_UNREACHABLE_CODE = YES;
				CLANG_WARN__DUPLICATE_METHOD_MATCH = YES;
				COPY_PHASE_STRIP = NO;
				DEBUG_INFORMATION_FORMAT = dwarf;
				ENABLE_STRICT_OBJC_MSGSEND = YES;
				ENABLE_TESTABILITY = YES;
				GCC_C_LANGUAGE_STANDARD = gnu11;
				GCC_DYNAMIC_NO_PIC = NO;
				GCC_NO_COMMON_BLOCKS = YES;
				GCC_OPTIMIZATION_LEVEL = 0;
				GCC_PREPROCESSOR_DEFINITIONS = (
					"DEBUG=1",
					"$(inherited)",
				);
				GCC_WARN_64_TO_32_BIT_CONVERSION = YES;
				GCC_WARN_ABOUT_RETURN_TYPE = YES_ERROR;
				GCC_WARN_UNDECLARED_SELECTOR = YES;
				GCC_WARN_UNINITIALIZED_AUTOS = YES_AGGRESSIVE;
				GCC_WARN_UNUSED_FUNCTION = YES;
				GCC_WARN_UNUSED_VARIABLE = YES;
				MACOSX_DEPLOYMENT_TARGET = 10.15;
				MTL_ENABLE_DEBUG_INFO = INCLUDE_SOURCE;
				MTL_FAST_MATH = YES;
				ONLY_ACTIVE_ARCH = YES;
				SDKROOT = macosx;
			};
			name = Debug;
		};
		E3CE11E7265F8642004E505F /* Release */ = {
			isa = XCBuildConfiguration;
			buildSettings = {
				ALWAYS_SEARCH_USER_PATHS = NO;
				CLANG_ANALYZER_NONNULL = YES;
				CLANG_ANALYZER_NUMBER_OBJECT_CONVERSION = YES_AGGRESSIVE;
				CLANG_CXX_LANGUAGE_STANDARD = "gnu++14";
				CLANG_CXX_LIBRARY = "libc++";
				CLANG_ENABLE_MODULES = YES;
				CLANG_ENABLE_OBJC_ARC = YES;
				CLANG_ENABLE_OBJC_WEAK = YES;
				CLANG_WARN_BLOCK_CAPTURE_AUTORELEASING = YES;
				CLANG_WARN_BOOL_CONVERSION = YES;
				CLANG_WARN_COMMA = YES;
				CLANG_WARN_CONSTANT_CONVERSION = YES;
				CLANG_WARN_DEPRECATED_OBJC_IMPLEMENTATIONS = YES;
				CLANG_WARN_DIRECT_OBJC_ISA_USAGE = YES_ERROR;
				CLANG_WARN_DOCUMENTATION_COMMENTS = YES;
				CLANG_WARN_EMPTY_BODY = YES;
				CLANG_WARN_ENUM_CONVERSION = YES;
				CLANG_WARN_INFINITE_RECURSION = YES;
				CLANG_WARN_INT_CONVERSION = YES;
				CLANG_WARN_NON_LITERAL_NULL_CONVERSION = YES;
				CLANG_WARN_OBJC_IMPLICIT_RETAIN_SELF = YES;
				CLANG_WARN_OBJC_LITERAL_CONVERSION = YES;
				CLANG_WARN_OBJC_ROOT_CLASS = YES_ERROR;
				CLANG_WARN_QUOTED_INCLUDE_IN_FRAMEWORK_HEADER = YES;
				CLANG_WARN_RANGE_LOOP_ANALYSIS = YES;
				CLANG_WARN_STRICT_PROTOTYPES = YES;
				CLANG_WARN_SUSPICIOUS_MOVE = YES;
				CLANG_WARN_UNGUARDED_AVAILABILITY = YES_AGGRESSIVE;
				CLANG_WARN_UNREACHABLE_CODE = YES;
				CLANG_WARN__DUPLICATE_METHOD_MATCH = YES;
				COPY_PHASE_STRIP = NO;
				DEBUG_INFORMATION_FORMAT = "dwarf-with-dsym";
				ENABLE_NS_ASSERTIONS = NO;
				ENABLE_STRICT_OBJC_MSGSEND = YES;
				GCC_C_LANGUAGE_STANDARD = gnu11;
				GCC_NO_COMMON_BLOCKS = YES;
				GCC_WARN_64_TO_32_BIT_CONVERSION = YES;
				GCC_WARN_ABOUT_RETURN_TYPE = YES_ERROR;
				GCC_WARN_UNDECLARED_SELECTOR = YES;
				GCC_WARN_UNINITIALIZED_AUTOS = YES_AGGRESSIVE;
				GCC_WARN_UNUSED_FUNCTION = YES;
				GCC_WARN_UNUSED_VARIABLE = YES;
				MACOSX_DEPLOYMENT_TARGET = 10.15;
				MTL_ENABLE_DEBUG_INFO = NO;
				MTL_FAST_MATH = YES;
				SDKROOT = macosx;
			};
			name = Release;
		};
		E3CE11E9265F8642004E505F /* Debug */ = {
			isa = XCBuildConfiguration;
			buildSettings = {
				CODE_SIGN_STYLE = Automatic;
				PRODUCT_NAME = "$(TARGET_NAME)";
			};
			name = Debug;
		};
		E3CE11EA265F8642004E505F /* Release */ = {
			isa = XCBuildConfiguration;
			buildSettings = {
				CODE_SIGN_STYLE = Automatic;
				PRODUCT_NAME = "$(TARGET_NAME)";
			};
			name = Release;
		};
/* End XCBuildConfiguration section */

/* Begin XCConfigurationList section */
		E3CE11DC265F8642004E505F /* Build configuration list for PBXProject "Xcode_12" */ = {
			isa = XCConfigurationList;
			buildConfigurations = (
				E3CE11E6265F8642004E505F /* Debug */,
				E3CE11E7265F8642004E505F /* Release */,
			);
			defaultConfigurationIsVisible = 0;
			defaultConfigurationName = Release;
		};
		E3CE11E8265F8642004E505F /* Build configuration list for PBXNativeTarget "Xcode_12" */ = {
			isa = XCConfigurationList;
			buildConfigurations = (
				E3CE11E9265F8642004E505F /* Debug */,
				E3CE11EA265F8642004E505F /* Release */,
			);
			defaultConfigurationIsVisible = 0;
			defaultConfigurationName = Release;
		};
/* End XCConfigurationList section */
	};
	rootObject = E3CE11D9265F8642004E505F /* Project object */;
}
